
Microsoft Visual Studio Solution File, Format Version 12.00
# Visual Studio Version 17
VisualStudioVersion = 17.7.34003.232
MinimumVisualStudioVersion = 10.0.40219.1
Project("{9A19103F-16F7-4668-BE54-9A1E7A4F7556}") = "API", "API.csproj", "{B84CD2A7-087E-4C51-8D92-200A33B49716}"
EndProject
Project("{9A19103F-16F7-4668-BE54-9A1E7A4F7556}") = "Services", "..\services\Services.csproj", "{4C097ECF-940F-40E3-BCD6-3145A1D521E5}"
EndProject
Project("{9A19103F-16F7-4668-BE54-9A1E7A4F7556}") = "Infrastructure", "..\Infrastructure\Infrastructure.csproj", "{0DBF38BE-7C52-4D23-87E7-320609BEBD45}"
EndProject
Project("{9A19103F-16F7-4668-BE54-9A1E7A4F7556}") = "Core", "..\Core\Core.csproj", "{1402CA18-087C-4A83-A274-E74D490B365B}"
EndProject
Project("{FAE04EC0-301F-11D3-BF4B-00C04F79EFBC}") = "AdminPanel", "..\AdminPanel\AdminPanel.csproj", "{04768127-4FD7-4C98-A9B5-7BB1FC9C9A5F}"
EndProject
Global
	GlobalSection(SolutionConfigurationPlatforms) = preSolution
		Debug|Any CPU = Debug|Any CPU
		Release|Any CPU = Release|Any CPU
	EndGlobalSection
	GlobalSection(ProjectConfigurationPlatforms) = postSolution
		{B84CD2A7-087E-4C51-8D92-200A33B49716}.Debug|Any CPU.ActiveCfg = Debug|Any CPU
		{B84CD2A7-087E-4C51-8D92-200A33B49716}.Debug|Any CPU.Build.0 = Debug|Any CPU
		{B84CD2A7-087E-4C51-8D92-200A33B49716}.Release|Any CPU.ActiveCfg = Release|Any CPU
		{B84CD2A7-087E-4C51-8D92-200A33B49716}.Release|Any CPU.Build.0 = Release|Any CPU
		{4C097ECF-940F-40E3-BCD6-3145A1D521E5}.Debug|Any CPU.ActiveCfg = Debug|Any CPU
		{4C097ECF-940F-40E3-BCD6-3145A1D521E5}.Debug|Any CPU.Build.0 = Debug|Any CPU
		{4C097ECF-940F-40E3-BCD6-3145A1D521E5}.Release|Any CPU.ActiveCfg = Release|Any CPU
		{4C097ECF-940F-40E3-BCD6-3145A1D521E5}.Release|Any CPU.Build.0 = Release|Any CPU
		{0DBF38BE-7C52-4D23-87E7-320609BEBD45}.Debug|Any CPU.ActiveCfg = Debug|Any CPU
		{0DBF38BE-7C52-4D23-87E7-320609BEBD45}.Debug|Any CPU.Build.0 = Debug|Any CPU
		{0DBF38BE-7C52-4D23-87E7-320609BEBD45}.Release|Any CPU.ActiveCfg = Release|Any CPU
		{0DBF38BE-7C52-4D23-87E7-320609BEBD45}.Release|Any CPU.Build.0 = Release|Any CPU
		{1402CA18-087C-4A83-A274-E74D490B365B}.Debug|Any CPU.ActiveCfg = Debug|Any CPU
		{1402CA18-087C-4A83-A274-E74D490B365B}.Debug|Any CPU.Build.0 = Debug|Any CPU
		{1402CA18-087C-4A83-A274-E74D490B365B}.Release|Any CPU.ActiveCfg = Release|Any CPU
		{1402CA18-087C-4A83-A274-E74D490B365B}.Release|Any CPU.Build.0 = Release|Any CPU
		{04768127-4FD7-4C98-A9B5-7BB1FC9C9A5F}.Debug|Any CPU.ActiveCfg = Debug|Any CPU
		{04768127-4FD7-4C98-A9B5-7BB1FC9C9A5F}.Debug|Any CPU.Build.0 = Debug|Any CPU
		{04768127-4FD7-4C98-A9B5-7BB1FC9C9A5F}.Release|Any CPU.ActiveCfg = Release|Any CPU
		{04768127-4FD7-4C98-A9B5-7BB1FC9C9A5F}.Release|Any CPU.Build.0 = Release|Any CPU
	EndGlobalSection
	GlobalSection(SolutionProperties) = preSolution
		HideSolutionNode = FALSE
	EndGlobalSection
	GlobalSection(ExtensibilityGlobals) = postSolution
		SolutionGuid = {90E83A5A-A4A8-4C60-8C8C-807CFED03FD8}
	EndGlobalSection
EndGlobal
